PODS:
  - Bolts (1.2.2):
    - Bolts/AppLinks (= 1.2.2)
    - Bolts/Tasks (= 1.2.2)
  - Bolts/AppLinks (1.2.2):
    - Bolts/Tasks
  - Bolts/Tasks (1.2.2)
  - FBSDKCoreKit (4.6.0):
    - Bolts (~> 1.1)
    - FBSDKCoreKit/arc (= 4.6.0)
    - FBSDKCoreKit/no-arc (= 4.6.0)
  - FBSDKCoreKit/arc (4.6.0):
    - Bolts (~> 1.1)
  - FBSDKCoreKit/no-arc (4.6.0):
    - Bolts (~> 1.1)
    - FBSDKCoreKit/arc
  - FBSDKLoginKit (4.6.0):
    - FBSDKCoreKit
  - Parse (1.7.5.3):
    - Bolts/Tasks (>= 1.2.0)
  - ParseFacebookUtilsV4 (1.7.5.3):
    - Bolts/Tasks (>= 1.2.0)
    - FBSDKCoreKit (~> 4.0)
    - FBSDKLoginKit (~> 4.0)
    - Parse (~> 1.7.5.3)
  - ParseUI (1.1.4):
    - Parse (~> 1.7)
  - RESideMenu (4.0.7)

DEPENDENCIES:
  - Parse (~> 1.7.2)
  - ParseFacebookUtilsV4
  - ParseUI
  - RESideMenu (~> 4.0)

SPEC CHECKSUMS:
  Bolts: 20a2bd788273360cb1e31530dc19b8544eef2544
  FBSDKCoreKit: 9954492d90c5fd65ae831395697a1660360d61f1
  FBSDKLoginKit: 3d07febbfa884b9878cacba54f705bb41f07d4b6
  Parse: 373adbb1ad2e34d383542c3b28f678c49ebe4881
  ParseFacebookUtilsV4: ea5db22e87b91cbf99b9d156642e2b97a4db7d51
  ParseUI: d1228541b02a36a7354c8f47747f5f7a89cf1ff0
  RESideMenu: f24c508404b49c667344c54aba7e590883533958

COCOAPODS: 0.38.2
