PODS:
  - Bolts (1.1.4)
  - Facebook-iOS-SDK/CoreKit (4.0.1):
    - Bolts (~> 1.0)
    - Facebook-iOS-SDK/CoreKit/no-arc (= 4.0.1)
  - Facebook-iOS-SDK/CoreKit/no-arc (4.0.1):
    - Bolts (~> 1.0)
  - Facebook-iOS-SDK/LoginKit (4.0.1):
    - Bolts (~> 1.0)
    - Facebook-iOS-SDK/CoreKit
  - Parse (1.7.1):
    - Bolts (~> 1.1)
  - ParseFacebookUtilsV4 (1.7.1):
    - Facebook-iOS-SDK/LoginKit (~> 4.0)
    - Parse (~> 1.7.1)
  - ParseUI (1.1.3):
    - Parse (~> 1.7)
  - RESideMenu (4.0.7)

DEPENDENCIES:
  - Parse (~> 1.7)
  - ParseFacebookUtilsV4
  - ParseUI
  - RESideMenu (~> 4.0)

SPEC CHECKSUMS:
  Bolts: f8e2f94edbf9fec7bb8de5ecaaa3aa6b7de6f64e
  Facebook-iOS-SDK: 6d05532c97e9c542f8d87f94b7f6ee217493d00b
  Parse: fa8ec29de6d82035635986c11946299fb1b38316
  ParseFacebookUtilsV4: fc44a339e38513fb6fc0bafbef34f69df6559e06
  ParseUI: 1a68e9cebc3bd458eed9605ce7b33d7cc082f473
  RESideMenu: f24c508404b49c667344c54aba7e590883533958

COCOAPODS: 0.35.0
