// !$*UTF8*$!
{
	archiveVersion = 1;
	classes = {
	};
	objectVersion = 46;
	objects = {

/* Begin PBXBuildFile section */
		102AF82B1B2B0478008C8F8C /* FullScreenPicController.swift in Sources */ = {isa = PBXBuildFile; fileRef = 102AF82A1B2B0478008C8F8C /* FullScreenPicController.swift */; };
		102AF82D1B2EF6B2008C8F8C /* ThankYouViewController.swift in Sources */ = {isa = PBXBuildFile; fileRef = 102AF82C1B2EF6B2008C8F8C /* ThankYouViewController.swift */; };
		102AF8301B2F1240008C8F8C /* RecipeModel.xcdatamodeld in Sources */ = {isa = PBXBuildFile; fileRef = 102AF82E1B2F1240008C8F8C /* RecipeModel.xcdatamodeld */; };
		102AF8321B2F142B008C8F8C /* CoreDataManager.swift in Sources */ = {isa = PBXBuildFile; fileRef = 102AF8311B2F142B008C8F8C /* CoreDataManager.swift */; };
		103C07591AA9C65E0087EC3C /* TopWantedViewController.swift in Sources */ = {isa = PBXBuildFile; fileRef = 103C07581AA9C65E0087EC3C /* TopWantedViewController.swift */; };
		103C075B1AA9C6B30087EC3C /* TopWantedTopImageCell.swift in Sources */ = {isa = PBXBuildFile; fileRef = 103C075A1AA9C6B30087EC3C /* TopWantedTopImageCell.swift */; };
		103C075D1AA9C7210087EC3C /* TopWantedRecipeCell.swift in Sources */ = {isa = PBXBuildFile; fileRef = 103C075C1AA9C7210087EC3C /* TopWantedRecipeCell.swift */; };
		103C07611AA9CDA50087EC3C /* FirstMenuViewController.swift in Sources */ = {isa = PBXBuildFile; fileRef = 103C07601AA9CDA50087EC3C /* FirstMenuViewController.swift */; };
		103C07631AA9D1200087EC3C /* WeRecommandCell.swift in Sources */ = {isa = PBXBuildFile; fileRef = 103C07621AA9D1200087EC3C /* WeRecommandCell.swift */; };
		104075781B0BB4AB00A39DC8 /* ScrollView.swift in Sources */ = {isa = PBXBuildFile; fileRef = 104075771B0BB4AB00A39DC8 /* ScrollView.swift */; };
		105458971AFCE6F700C2DDEA /* IngredientsRecipeCell.swift in Sources */ = {isa = PBXBuildFile; fileRef = 105458961AFCE6F700C2DDEA /* IngredientsRecipeCell.swift */; };
		105458991AFCE86400C2DDEA /* OneIngredientCollectionViewCell.swift in Sources */ = {isa = PBXBuildFile; fileRef = 105458981AFCE86400C2DDEA /* OneIngredientCollectionViewCell.swift */; };
		1054DCCB1B3030CF00AA954E /* LogInViewController.swift in Sources */ = {isa = PBXBuildFile; fileRef = 1054DCCA1B3030CF00AA954E /* LogInViewController.swift */; };
		1059C1B81ABC49F4002FC2EA /* BaseViewController.swift in Sources */ = {isa = PBXBuildFile; fileRef = 1059C1B71ABC49F4002FC2EA /* BaseViewController.swift */; };
		1059C1BA1ABC4C6B002FC2EA /* BaseTableViewController.swift in Sources */ = {isa = PBXBuildFile; fileRef = 1059C1B91ABC4C6B002FC2EA /* BaseTableViewController.swift */; };
		1059C1BC1ABC504B002FC2EA /* MenuItem.swift in Sources */ = {isa = PBXBuildFile; fileRef = 1059C1BB1ABC504B002FC2EA /* MenuItem.swift */; };
		1061F4411A8E1719005C3DDA /* AppDelegate.swift in Sources */ = {isa = PBXBuildFile; fileRef = 1061F4401A8E1719005C3DDA /* AppDelegate.swift */; };
		1061F4461A8E1719005C3DDA /* Main.storyboard in Resources */ = {isa = PBXBuildFile; fileRef = 1061F4441A8E1719005C3DDA /* Main.storyboard */; };
		1061F4481A8E1719005C3DDA /* Images.xcassets in Resources */ = {isa = PBXBuildFile; fileRef = 1061F4471A8E1719005C3DDA /* Images.xcassets */; };
		1061F44B1A8E1719005C3DDA /* LaunchScreen.xib in Resources */ = {isa = PBXBuildFile; fileRef = 1061F4491A8E1719005C3DDA /* LaunchScreen.xib */; };
		1061F4571A8E1719005C3DDA /* LickItTests.swift in Sources */ = {isa = PBXBuildFile; fileRef = 1061F4561A8E1719005C3DDA /* LickItTests.swift */; };
		106473DE1AE033860085DDA6 /* CategoriesRecipeCell.swift in Sources */ = {isa = PBXBuildFile; fileRef = 106473DD1AE033860085DDA6 /* CategoriesRecipeCell.swift */; };
		1066A3AE1B298AD7004CF9B0 /* IngredientSearchResultController.swift in Sources */ = {isa = PBXBuildFile; fileRef = 1066A3AD1B298AD7004CF9B0 /* IngredientSearchResultController.swift */; };
		10760DC41AADE4D60048895E /* AddRecipeViewController.swift in Sources */ = {isa = PBXBuildFile; fileRef = 10760DC31AADE4D60048895E /* AddRecipeViewController.swift */; };
		10760DC61AADE5B60048895E /* AddRecipeTextCell.swift in Sources */ = {isa = PBXBuildFile; fileRef = 10760DC51AADE5B60048895E /* AddRecipeTextCell.swift */; };
		10760DC81AADE6160048895E /* AddRecipeButtonCell.swift in Sources */ = {isa = PBXBuildFile; fileRef = 10760DC71AADE6160048895E /* AddRecipeButtonCell.swift */; };
		10760DCA1AADE7450048895E /* SideMenuCell.swift in Sources */ = {isa = PBXBuildFile; fileRef = 10760DC91AADE7450048895E /* SideMenuCell.swift */; };
		10760DCC1AADE7620048895E /* SideMenuViewController.swift in Sources */ = {isa = PBXBuildFile; fileRef = 10760DCB1AADE7620048895E /* SideMenuViewController.swift */; };
		107EBA8A1AA3A2A8000E4D97 /* SearchingTableViewController.swift in Sources */ = {isa = PBXBuildFile; fileRef = 107EBA891AA3A2A8000E4D97 /* SearchingTableViewController.swift */; };
		107EBA8C1AA3A589000E4D97 /* SearchingResultCell.swift in Sources */ = {isa = PBXBuildFile; fileRef = 107EBA8B1AA3A589000E4D97 /* SearchingResultCell.swift */; };
		107EBA8E1AA3B027000E4D97 /* SearchingInputCell.swift in Sources */ = {isa = PBXBuildFile; fileRef = 107EBA8D1AA3B027000E4D97 /* SearchingInputCell.swift */; };
		108FEEB01ACB37DD00307982 /* BookmarkedRecipesCollectionViewController.swift in Sources */ = {isa = PBXBuildFile; fileRef = 108FEEAF1ACB37DD00307982 /* BookmarkedRecipesCollectionViewController.swift */; };
		108FEEB21ACB3AC500307982 /* BaseCollectionViewController.swift in Sources */ = {isa = PBXBuildFile; fileRef = 108FEEB11ACB3AC500307982 /* BaseCollectionViewController.swift */; };
		109099261AD693CA00E706BC /* RecipeManager.swift in Sources */ = {isa = PBXBuildFile; fileRef = 109099251AD693CA00E706BC /* RecipeManager.swift */; };
		109CED4C1A9CADDC00D027BD /* Recipe.swift in Sources */ = {isa = PBXBuildFile; fileRef = 109CED4B1A9CADDC00D027BD /* Recipe.swift */; };
		109CED4E1A9CAE4900D027BD /* Ingredient.swift in Sources */ = {isa = PBXBuildFile; fileRef = 109CED4D1A9CAE4900D027BD /* Ingredient.swift */; };
		109CED501A9CAEC100D027BD /* RecipeCategory.swift in Sources */ = {isa = PBXBuildFile; fileRef = 109CED4F1A9CAEC100D027BD /* RecipeCategory.swift */; };
		109CED521A9CAF8000D027BD /* Comment.swift in Sources */ = {isa = PBXBuildFile; fileRef = 109CED511A9CAF8000D027BD /* Comment.swift */; };
		109CED541A9CB11900D027BD /* User.swift in Sources */ = {isa = PBXBuildFile; fileRef = 109CED531A9CB11900D027BD /* User.swift */; };
		109CED571A9CB45000D027BD /* RecipeViewController.swift in Sources */ = {isa = PBXBuildFile; fileRef = 109CED561A9CB45000D027BD /* RecipeViewController.swift */; };
		109CED5B1A9CBFEE00D027BD /* ImageRecipeCell.swift in Sources */ = {isa = PBXBuildFile; fileRef = 109CED5A1A9CBFEE00D027BD /* ImageRecipeCell.swift */; };
		109CED5D1A9CC04A00D027BD /* InfoRecipeCell.swift in Sources */ = {isa = PBXBuildFile; fileRef = 109CED5C1A9CC04A00D027BD /* InfoRecipeCell.swift */; };
		109CED611A9CC27C00D027BD /* HowToDoItCell.swift in Sources */ = {isa = PBXBuildFile; fileRef = 109CED601A9CC27C00D027BD /* HowToDoItCell.swift */; };
		109CED631A9CC2EF00D027BD /* CommentsRecipeCell.swift in Sources */ = {isa = PBXBuildFile; fileRef = 109CED621A9CC2EF00D027BD /* CommentsRecipeCell.swift */; };
		10A6CC261ACB3E4100DB4952 /* BookmarkedRecipesCell.swift in Sources */ = {isa = PBXBuildFile; fileRef = 10A6CC251ACB3E4100DB4952 /* BookmarkedRecipesCell.swift */; };
		10D18E891B305AF100F5E6FB /* IngredientModel.swift in Sources */ = {isa = PBXBuildFile; fileRef = 10D18E881B305AF100F5E6FB /* IngredientModel.swift */; };
		10D18E8B1B305AF100F5E6FB /* RecipeModel.swift in Sources */ = {isa = PBXBuildFile; fileRef = 10D18E8A1B305AF100F5E6FB /* RecipeModel.swift */; };
		10D97A421B32B2B1007F4E80 /* IngredientSearchResultCell.swift in Sources */ = {isa = PBXBuildFile; fileRef = 10D97A411B32B2B1007F4E80 /* IngredientSearchResultCell.swift */; };
		10DC3CC41B2A3F0D00745DC8 /* AddNewRecipeControllerViewController.swift in Sources */ = {isa = PBXBuildFile; fileRef = 10DC3CC31B2A3F0D00745DC8 /* AddNewRecipeControllerViewController.swift */; };
		10E7E1E31B0CE4BF004096E8 /* IngredientSearchController.swift in Sources */ = {isa = PBXBuildFile; fileRef = 10E7E1E21B0CE4BF004096E8 /* IngredientSearchController.swift */; };
		10FC0F991B0D1633005F20FF /* ChooseIngredientSearchCell.swift in Sources */ = {isa = PBXBuildFile; fileRef = 10FC0F981B0D1633005F20FF /* ChooseIngredientSearchCell.swift */; };
		10FC0F9F1B0D1E8D005F20FF /* SelectedColView.swift in Sources */ = {isa = PBXBuildFile; fileRef = 10FC0F9E1B0D1E8D005F20FF /* SelectedColView.swift */; };
		10FC0FA11B0D1EA0005F20FF /* ChooseColView.swift in Sources */ = {isa = PBXBuildFile; fileRef = 10FC0FA01B0D1EA0005F20FF /* ChooseColView.swift */; };
		10FC0FA31B0D20C8005F20FF /* SelectedIngredientSearchCell.swift in Sources */ = {isa = PBXBuildFile; fileRef = 10FC0FA21B0D20C8005F20FF /* SelectedIngredientSearchCell.swift */; };
		F8F080A42F14E0081C43FBC3 /* libPods-LickIt.a in Frameworks */ = {isa = PBXBuildFile; fileRef = 94F1742C13D7C4A7ACB20401 /* libPods-LickIt.a */; };
/* End PBXBuildFile section */

/* Begin PBXContainerItemProxy section */
		1061F4511A8E1719005C3DDA /* PBXContainerItemProxy */ = {
			isa = PBXContainerItemProxy;
			containerPortal = 1061F4331A8E1719005C3DDA /* Project object */;
			proxyType = 1;
			remoteGlobalIDString = 1061F43A1A8E1719005C3DDA;
			remoteInfo = LickIt;
		};
/* End PBXContainerItemProxy section */

/* Begin PBXFileReference section */
		102AF82A1B2B0478008C8F8C /* FullScreenPicController.swift */ = {isa = PBXFileReference; fileEncoding = 4; lastKnownFileType = sourcecode.swift; path = FullScreenPicController.swift; sourceTree = "<group>"; };
		102AF82C1B2EF6B2008C8F8C /* ThankYouViewController.swift */ = {isa = PBXFileReference; fileEncoding = 4; lastKnownFileType = sourcecode.swift; path = ThankYouViewController.swift; sourceTree = "<group>"; };
		102AF82F1B2F1240008C8F8C /* RecipeModel.xcdatamodel */ = {isa = PBXFileReference; lastKnownFileType = wrapper.xcdatamodel; path = RecipeModel.xcdatamodel; sourceTree = "<group>"; };
		102AF8311B2F142B008C8F8C /* CoreDataManager.swift */ = {isa = PBXFileReference; fileEncoding = 4; lastKnownFileType = sourcecode.swift; path = CoreDataManager.swift; sourceTree = "<group>"; };
		103C07581AA9C65E0087EC3C /* TopWantedViewController.swift */ = {isa = PBXFileReference; fileEncoding = 4; lastKnownFileType = sourcecode.swift; path = TopWantedViewController.swift; sourceTree = "<group>"; };
		103C075A1AA9C6B30087EC3C /* TopWantedTopImageCell.swift */ = {isa = PBXFileReference; fileEncoding = 4; lastKnownFileType = sourcecode.swift; path = TopWantedTopImageCell.swift; sourceTree = "<group>"; };
		103C075C1AA9C7210087EC3C /* TopWantedRecipeCell.swift */ = {isa = PBXFileReference; fileEncoding = 4; lastKnownFileType = sourcecode.swift; path = TopWantedRecipeCell.swift; sourceTree = "<group>"; };
		103C07601AA9CDA50087EC3C /* FirstMenuViewController.swift */ = {isa = PBXFileReference; fileEncoding = 4; lastKnownFileType = sourcecode.swift; path = FirstMenuViewController.swift; sourceTree = "<group>"; };
		103C07621AA9D1200087EC3C /* WeRecommandCell.swift */ = {isa = PBXFileReference; fileEncoding = 4; lastKnownFileType = sourcecode.swift; path = WeRecommandCell.swift; sourceTree = "<group>"; };
		104075771B0BB4AB00A39DC8 /* ScrollView.swift */ = {isa = PBXFileReference; fileEncoding = 4; lastKnownFileType = sourcecode.swift; path = ScrollView.swift; sourceTree = "<group>"; };
		105458961AFCE6F700C2DDEA /* IngredientsRecipeCell.swift */ = {isa = PBXFileReference; fileEncoding = 4; lastKnownFileType = sourcecode.swift; path = IngredientsRecipeCell.swift; sourceTree = "<group>"; };
		105458981AFCE86400C2DDEA /* OneIngredientCollectionViewCell.swift */ = {isa = PBXFileReference; fileEncoding = 4; lastKnownFileType = sourcecode.swift; path = OneIngredientCollectionViewCell.swift; sourceTree = "<group>"; };
		1054DCCA1B3030CF00AA954E /* LogInViewController.swift */ = {isa = PBXFileReference; fileEncoding = 4; lastKnownFileType = sourcecode.swift; path = LogInViewController.swift; sourceTree = "<group>"; };
		1059C1B71ABC49F4002FC2EA /* BaseViewController.swift */ = {isa = PBXFileReference; fileEncoding = 4; lastKnownFileType = sourcecode.swift; path = BaseViewController.swift; sourceTree = "<group>"; };
		1059C1B91ABC4C6B002FC2EA /* BaseTableViewController.swift */ = {isa = PBXFileReference; fileEncoding = 4; lastKnownFileType = sourcecode.swift; path = BaseTableViewController.swift; sourceTree = "<group>"; };
		1059C1BB1ABC504B002FC2EA /* MenuItem.swift */ = {isa = PBXFileReference; fileEncoding = 4; lastKnownFileType = sourcecode.swift; path = MenuItem.swift; sourceTree = "<group>"; };
		1061F43B1A8E1719005C3DDA /* LickIt.app */ = {isa = PBXFileReference; explicitFileType = wrapper.application; includeInIndex = 0; path = LickIt.app; sourceTree = BUILT_PRODUCTS_DIR; };
		1061F43F1A8E1719005C3DDA /* Info.plist */ = {isa = PBXFileReference; lastKnownFileType = text.plist.xml; path = Info.plist; sourceTree = "<group>"; };
		1061F4401A8E1719005C3DDA /* AppDelegate.swift */ = {isa = PBXFileReference; lastKnownFileType = sourcecode.swift; path = AppDelegate.swift; sourceTree = "<group>"; };
		1061F4451A8E1719005C3DDA /* Base */ = {isa = PBXFileReference; lastKnownFileType = file.storyboard; name = Base; path = Base.lproj/Main.storyboard; sourceTree = "<group>"; };
		1061F4471A8E1719005C3DDA /* Images.xcassets */ = {isa = PBXFileReference; lastKnownFileType = folder.assetcatalog; path = Images.xcassets; sourceTree = "<group>"; };
		1061F44A1A8E1719005C3DDA /* Base */ = {isa = PBXFileReference; lastKnownFileType = file.xib; name = Base; path = Base.lproj/LaunchScreen.xib; sourceTree = "<group>"; };
		1061F4501A8E1719005C3DDA /* LickItTests.xctest */ = {isa = PBXFileReference; explicitFileType = wrapper.cfbundle; includeInIndex = 0; path = LickItTests.xctest; sourceTree = BUILT_PRODUCTS_DIR; };
		1061F4551A8E1719005C3DDA /* Info.plist */ = {isa = PBXFileReference; lastKnownFileType = text.plist.xml; path = Info.plist; sourceTree = "<group>"; };
		1061F4561A8E1719005C3DDA /* LickItTests.swift */ = {isa = PBXFileReference; lastKnownFileType = sourcecode.swift; path = LickItTests.swift; sourceTree = "<group>"; };
		106473DD1AE033860085DDA6 /* CategoriesRecipeCell.swift */ = {isa = PBXFileReference; fileEncoding = 4; lastKnownFileType = sourcecode.swift; path = CategoriesRecipeCell.swift; sourceTree = "<group>"; };
		1066A3AD1B298AD7004CF9B0 /* IngredientSearchResultController.swift */ = {isa = PBXFileReference; fileEncoding = 4; lastKnownFileType = sourcecode.swift; path = IngredientSearchResultController.swift; sourceTree = "<group>"; };
		10760DC31AADE4D60048895E /* AddRecipeViewController.swift */ = {isa = PBXFileReference; fileEncoding = 4; lastKnownFileType = sourcecode.swift; path = AddRecipeViewController.swift; sourceTree = "<group>"; };
		10760DC51AADE5B60048895E /* AddRecipeTextCell.swift */ = {isa = PBXFileReference; fileEncoding = 4; lastKnownFileType = sourcecode.swift; path = AddRecipeTextCell.swift; sourceTree = "<group>"; };
		10760DC71AADE6160048895E /* AddRecipeButtonCell.swift */ = {isa = PBXFileReference; fileEncoding = 4; lastKnownFileType = sourcecode.swift; path = AddRecipeButtonCell.swift; sourceTree = "<group>"; };
		10760DC91AADE7450048895E /* SideMenuCell.swift */ = {isa = PBXFileReference; fileEncoding = 4; lastKnownFileType = sourcecode.swift; path = SideMenuCell.swift; sourceTree = "<group>"; };
		10760DCB1AADE7620048895E /* SideMenuViewController.swift */ = {isa = PBXFileReference; fileEncoding = 4; lastKnownFileType = sourcecode.swift; path = SideMenuViewController.swift; sourceTree = "<group>"; };
		107EBA891AA3A2A8000E4D97 /* SearchingTableViewController.swift */ = {isa = PBXFileReference; fileEncoding = 4; lastKnownFileType = sourcecode.swift; path = SearchingTableViewController.swift; sourceTree = "<group>"; };
		107EBA8B1AA3A589000E4D97 /* SearchingResultCell.swift */ = {isa = PBXFileReference; fileEncoding = 4; lastKnownFileType = sourcecode.swift; path = SearchingResultCell.swift; sourceTree = "<group>"; };
		107EBA8D1AA3B027000E4D97 /* SearchingInputCell.swift */ = {isa = PBXFileReference; fileEncoding = 4; lastKnownFileType = sourcecode.swift; path = SearchingInputCell.swift; sourceTree = "<group>"; };
		108FEEAF1ACB37DD00307982 /* BookmarkedRecipesCollectionViewController.swift */ = {isa = PBXFileReference; fileEncoding = 4; lastKnownFileType = sourcecode.swift; path = BookmarkedRecipesCollectionViewController.swift; sourceTree = "<group>"; };
		108FEEB11ACB3AC500307982 /* BaseCollectionViewController.swift */ = {isa = PBXFileReference; fileEncoding = 4; lastKnownFileType = sourcecode.swift; path = BaseCollectionViewController.swift; sourceTree = "<group>"; };
		109099251AD693CA00E706BC /* RecipeManager.swift */ = {isa = PBXFileReference; fileEncoding = 4; lastKnownFileType = sourcecode.swift; path = RecipeManager.swift; sourceTree = "<group>"; };
		109CED4B1A9CADDC00D027BD /* Recipe.swift */ = {isa = PBXFileReference; fileEncoding = 4; lastKnownFileType = sourcecode.swift; path = Recipe.swift; sourceTree = "<group>"; };
		109CED4D1A9CAE4900D027BD /* Ingredient.swift */ = {isa = PBXFileReference; fileEncoding = 4; lastKnownFileType = sourcecode.swift; path = Ingredient.swift; sourceTree = "<group>"; };
		109CED4F1A9CAEC100D027BD /* RecipeCategory.swift */ = {isa = PBXFileReference; fileEncoding = 4; lastKnownFileType = sourcecode.swift; path = RecipeCategory.swift; sourceTree = "<group>"; };
		109CED511A9CAF8000D027BD /* Comment.swift */ = {isa = PBXFileReference; fileEncoding = 4; lastKnownFileType = sourcecode.swift; path = Comment.swift; sourceTree = "<group>"; };
		109CED531A9CB11900D027BD /* User.swift */ = {isa = PBXFileReference; fileEncoding = 4; lastKnownFileType = sourcecode.swift; path = User.swift; sourceTree = "<group>"; };
		109CED561A9CB45000D027BD /* RecipeViewController.swift */ = {isa = PBXFileReference; fileEncoding = 4; lastKnownFileType = sourcecode.swift; path = RecipeViewController.swift; sourceTree = "<group>"; };
		109CED5A1A9CBFEE00D027BD /* ImageRecipeCell.swift */ = {isa = PBXFileReference; fileEncoding = 4; lastKnownFileType = sourcecode.swift; path = ImageRecipeCell.swift; sourceTree = "<group>"; };
		109CED5C1A9CC04A00D027BD /* InfoRecipeCell.swift */ = {isa = PBXFileReference; fileEncoding = 4; lastKnownFileType = sourcecode.swift; path = InfoRecipeCell.swift; sourceTree = "<group>"; };
		109CED601A9CC27C00D027BD /* HowToDoItCell.swift */ = {isa = PBXFileReference; fileEncoding = 4; lastKnownFileType = sourcecode.swift; path = HowToDoItCell.swift; sourceTree = "<group>"; };
		109CED621A9CC2EF00D027BD /* CommentsRecipeCell.swift */ = {isa = PBXFileReference; fileEncoding = 4; lastKnownFileType = sourcecode.swift; path = CommentsRecipeCell.swift; sourceTree = "<group>"; };
		10A6CC251ACB3E4100DB4952 /* BookmarkedRecipesCell.swift */ = {isa = PBXFileReference; fileEncoding = 4; lastKnownFileType = sourcecode.swift; path = BookmarkedRecipesCell.swift; sourceTree = "<group>"; };
		10D18E881B305AF100F5E6FB /* IngredientModel.swift */ = {isa = PBXFileReference; fileEncoding = 4; lastKnownFileType = sourcecode.swift; path = IngredientModel.swift; sourceTree = "<group>"; };
		10D18E8A1B305AF100F5E6FB /* RecipeModel.swift */ = {isa = PBXFileReference; fileEncoding = 4; lastKnownFileType = sourcecode.swift; path = RecipeModel.swift; sourceTree = "<group>"; };
		10D4BA8B1AADD3A3001298AA /* LickIt-Bridging-Header.h */ = {isa = PBXFileReference; lastKnownFileType = sourcecode.c.h; path = "LickIt-Bridging-Header.h"; sourceTree = "<group>"; };
		10D97A411B32B2B1007F4E80 /* IngredientSearchResultCell.swift */ = {isa = PBXFileReference; fileEncoding = 4; lastKnownFileType = sourcecode.swift; path = IngredientSearchResultCell.swift; sourceTree = "<group>"; };
		10DC3CC31B2A3F0D00745DC8 /* AddNewRecipeControllerViewController.swift */ = {isa = PBXFileReference; fileEncoding = 4; lastKnownFileType = sourcecode.swift; path = AddNewRecipeControllerViewController.swift; sourceTree = "<group>"; };
		10E7E1E21B0CE4BF004096E8 /* IngredientSearchController.swift */ = {isa = PBXFileReference; fileEncoding = 4; lastKnownFileType = sourcecode.swift; path = IngredientSearchController.swift; sourceTree = "<group>"; };
		10FC0F981B0D1633005F20FF /* ChooseIngredientSearchCell.swift */ = {isa = PBXFileReference; fileEncoding = 4; lastKnownFileType = sourcecode.swift; path = ChooseIngredientSearchCell.swift; sourceTree = "<group>"; };
		10FC0F9E1B0D1E8D005F20FF /* SelectedColView.swift */ = {isa = PBXFileReference; fileEncoding = 4; lastKnownFileType = sourcecode.swift; path = SelectedColView.swift; sourceTree = "<group>"; };
		10FC0FA01B0D1EA0005F20FF /* ChooseColView.swift */ = {isa = PBXFileReference; fileEncoding = 4; lastKnownFileType = sourcecode.swift; path = ChooseColView.swift; sourceTree = "<group>"; };
		10FC0FA21B0D20C8005F20FF /* SelectedIngredientSearchCell.swift */ = {isa = PBXFileReference; fileEncoding = 4; lastKnownFileType = sourcecode.swift; path = SelectedIngredientSearchCell.swift; sourceTree = "<group>"; };
		31F0032A78026B5F7FA4C261 /* Pods-LickIt.debug.xcconfig */ = {isa = PBXFileReference; includeInIndex = 1; lastKnownFileType = text.xcconfig; name = "Pods-LickIt.debug.xcconfig"; path = "Pods/Target Support Files/Pods-LickIt/Pods-LickIt.debug.xcconfig"; sourceTree = "<group>"; };
		800E3CEB99D893071BF83362 /* Pods-LickIt.release.xcconfig */ = {isa = PBXFileReference; includeInIndex = 1; lastKnownFileType = text.xcconfig; name = "Pods-LickIt.release.xcconfig"; path = "Pods/Target Support Files/Pods-LickIt/Pods-LickIt.release.xcconfig"; sourceTree = "<group>"; };
		94F1742C13D7C4A7ACB20401 /* libPods-LickIt.a */ = {isa = PBXFileReference; explicitFileType = archive.ar; includeInIndex = 0; path = "libPods-LickIt.a"; sourceTree = BUILT_PRODUCTS_DIR; };
/* End PBXFileReference section */

/* Begin PBXFrameworksBuildPhase section */
		1061F4381A8E1719005C3DDA /* Frameworks */ = {
			isa = PBXFrameworksBuildPhase;
			buildActionMask = 2147483647;
			files = (
				F8F080A42F14E0081C43FBC3 /* libPods-LickIt.a in Frameworks */,
			);
			runOnlyForDeploymentPostprocessing = 0;
		};
		1061F44D1A8E1719005C3DDA /* Frameworks */ = {
			isa = PBXFrameworksBuildPhase;
			buildActionMask = 2147483647;
			files = (
			);
			runOnlyForDeploymentPostprocessing = 0;
		};
/* End PBXFrameworksBuildPhase section */

/* Begin PBXGroup section */
		1061F4321A8E1719005C3DDA = {
			isa = PBXGroup;
			children = (
				1061F43D1A8E1719005C3DDA /* LickIt */,
				1061F4531A8E1719005C3DDA /* LickItTests */,
				1061F43C1A8E1719005C3DDA /* Products */,
				BB37067042FD2C29FBCF8636 /* Pods */,
				D996BA95C7413C2F24FC482A /* Frameworks */,
			);
			sourceTree = "<group>";
		};
		1061F43C1A8E1719005C3DDA /* Products */ = {
			isa = PBXGroup;
			children = (
				1061F43B1A8E1719005C3DDA /* LickIt.app */,
				1061F4501A8E1719005C3DDA /* LickItTests.xctest */,
			);
			name = Products;
			sourceTree = "<group>";
		};
		1061F43D1A8E1719005C3DDA /* LickIt */ = {
			isa = PBXGroup;
			children = (
				109099241AD693A400E706BC /* Business Logic */,
				109CED581A9CBF9B00D027BD /* Views */,
				109CED551A9CB42800D027BD /* ViewControllers */,
				109CED4A1A9CAD8300D027BD /* Model */,
				1061F4401A8E1719005C3DDA /* AppDelegate.swift */,
				1061F4441A8E1719005C3DDA /* Main.storyboard */,
				1061F4471A8E1719005C3DDA /* Images.xcassets */,
				1061F4491A8E1719005C3DDA /* LaunchScreen.xib */,
				1061F43E1A8E1719005C3DDA /* Supporting Files */,
				10D4BA8B1AADD3A3001298AA /* LickIt-Bridging-Header.h */,
			);
			path = LickIt;
			sourceTree = "<group>";
		};
		1061F43E1A8E1719005C3DDA /* Supporting Files */ = {
			isa = PBXGroup;
			children = (
				1061F43F1A8E1719005C3DDA /* Info.plist */,
			);
			name = "Supporting Files";
			sourceTree = "<group>";
		};
		1061F4531A8E1719005C3DDA /* LickItTests */ = {
			isa = PBXGroup;
			children = (
				1061F4561A8E1719005C3DDA /* LickItTests.swift */,
				1061F4541A8E1719005C3DDA /* Supporting Files */,
			);
			path = LickItTests;
			sourceTree = "<group>";
		};
		1061F4541A8E1719005C3DDA /* Supporting Files */ = {
			isa = PBXGroup;
			children = (
				1061F4551A8E1719005C3DDA /* Info.plist */,
			);
			name = "Supporting Files";
			sourceTree = "<group>";
		};
		109099241AD693A400E706BC /* Business Logic */ = {
			isa = PBXGroup;
			children = (
				109099251AD693CA00E706BC /* RecipeManager.swift */,
				102AF8311B2F142B008C8F8C /* CoreDataManager.swift */,
			);
			name = "Business Logic";
			sourceTree = "<group>";
		};
		109CED4A1A9CAD8300D027BD /* Model */ = {
			isa = PBXGroup;
			children = (
				10D18E8A1B305AF100F5E6FB /* RecipeModel.swift */,
				10D18E881B305AF100F5E6FB /* IngredientModel.swift */,
				109CED4B1A9CADDC00D027BD /* Recipe.swift */,
				109CED4D1A9CAE4900D027BD /* Ingredient.swift */,
				109CED4F1A9CAEC100D027BD /* RecipeCategory.swift */,
				109CED511A9CAF8000D027BD /* Comment.swift */,
				109CED531A9CB11900D027BD /* User.swift */,
				1059C1BB1ABC504B002FC2EA /* MenuItem.swift */,
				104075771B0BB4AB00A39DC8 /* ScrollView.swift */,
				10FC0F9E1B0D1E8D005F20FF /* SelectedColView.swift */,
				10FC0FA01B0D1EA0005F20FF /* ChooseColView.swift */,
				102AF82E1B2F1240008C8F8C /* RecipeModel.xcdatamodeld */,
			);
			name = Model;
			sourceTree = "<group>";
		};
		109CED551A9CB42800D027BD /* ViewControllers */ = {
			isa = PBXGroup;
			children = (
				109CED561A9CB45000D027BD /* RecipeViewController.swift */,
				107EBA891AA3A2A8000E4D97 /* SearchingTableViewController.swift */,
				103C07581AA9C65E0087EC3C /* TopWantedViewController.swift */,
				103C07601AA9CDA50087EC3C /* FirstMenuViewController.swift */,
				108FEEAF1ACB37DD00307982 /* BookmarkedRecipesCollectionViewController.swift */,
				10760DC31AADE4D60048895E /* AddRecipeViewController.swift */,
				10760DCB1AADE7620048895E /* SideMenuViewController.swift */,
				1059C1B71ABC49F4002FC2EA /* BaseViewController.swift */,
				1059C1B91ABC4C6B002FC2EA /* BaseTableViewController.swift */,
				108FEEB11ACB3AC500307982 /* BaseCollectionViewController.swift */,
				10E7E1E21B0CE4BF004096E8 /* IngredientSearchController.swift */,
				1066A3AD1B298AD7004CF9B0 /* IngredientSearchResultController.swift */,
				10DC3CC31B2A3F0D00745DC8 /* AddNewRecipeControllerViewController.swift */,
				102AF82A1B2B0478008C8F8C /* FullScreenPicController.swift */,
				102AF82C1B2EF6B2008C8F8C /* ThankYouViewController.swift */,
				1054DCCA1B3030CF00AA954E /* LogInViewController.swift */,
			);
			name = ViewControllers;
			sourceTree = "<group>";
		};
		109CED581A9CBF9B00D027BD /* Views */ = {
			isa = PBXGroup;
			children = (
				109CED591A9CBFB000D027BD /* Cells */,
			);
			name = Views;
			sourceTree = "<group>";
		};
		109CED591A9CBFB000D027BD /* Cells */ = {
			isa = PBXGroup;
			children = (
				109CED5A1A9CBFEE00D027BD /* ImageRecipeCell.swift */,
				109CED5C1A9CC04A00D027BD /* InfoRecipeCell.swift */,
				106473DD1AE033860085DDA6 /* CategoriesRecipeCell.swift */,
				109CED601A9CC27C00D027BD /* HowToDoItCell.swift */,
				109CED621A9CC2EF00D027BD /* CommentsRecipeCell.swift */,
				107EBA8B1AA3A589000E4D97 /* SearchingResultCell.swift */,
				107EBA8D1AA3B027000E4D97 /* SearchingInputCell.swift */,
				103C075A1AA9C6B30087EC3C /* TopWantedTopImageCell.swift */,
				103C075C1AA9C7210087EC3C /* TopWantedRecipeCell.swift */,
				103C07621AA9D1200087EC3C /* WeRecommandCell.swift */,
				10A6CC251ACB3E4100DB4952 /* BookmarkedRecipesCell.swift */,
				10760DC51AADE5B60048895E /* AddRecipeTextCell.swift */,
				10760DC71AADE6160048895E /* AddRecipeButtonCell.swift */,
				10760DC91AADE7450048895E /* SideMenuCell.swift */,
				105458961AFCE6F700C2DDEA /* IngredientsRecipeCell.swift */,
				105458981AFCE86400C2DDEA /* OneIngredientCollectionViewCell.swift */,
				10FC0F981B0D1633005F20FF /* ChooseIngredientSearchCell.swift */,
				10FC0FA21B0D20C8005F20FF /* SelectedIngredientSearchCell.swift */,
				10D97A411B32B2B1007F4E80 /* IngredientSearchResultCell.swift */,
			);
			name = Cells;
			sourceTree = "<group>";
		};
		BB37067042FD2C29FBCF8636 /* Pods */ = {
			isa = PBXGroup;
			children = (
				31F0032A78026B5F7FA4C261 /* Pods-LickIt.debug.xcconfig */,
				800E3CEB99D893071BF83362 /* Pods-LickIt.release.xcconfig */,
			);
			name = Pods;
			sourceTree = "<group>";
		};
		D996BA95C7413C2F24FC482A /* Frameworks */ = {
			isa = PBXGroup;
			children = (
				94F1742C13D7C4A7ACB20401 /* libPods-LickIt.a */,
			);
			name = Frameworks;
			sourceTree = "<group>";
		};
/* End PBXGroup section */

/* Begin PBXNativeTarget section */
		1061F43A1A8E1719005C3DDA /* LickIt */ = {
			isa = PBXNativeTarget;
			buildConfigurationList = 1061F45A1A8E1719005C3DDA /* Build configuration list for PBXNativeTarget "LickIt" */;
			buildPhases = (
				02956A8AB26DE84C86189B0D /* Check Pods Manifest.lock */,
				1061F4371A8E1719005C3DDA /* Sources */,
				1061F4381A8E1719005C3DDA /* Frameworks */,
				1061F4391A8E1719005C3DDA /* Resources */,
				1BF07BB15EB59E48D8EA69FF /* Copy Pods Resources */,
			);
			buildRules = (
			);
			dependencies = (
			);
			name = LickIt;
			productName = LickIt;
			productReference = 1061F43B1A8E1719005C3DDA /* LickIt.app */;
			productType = "com.apple.product-type.application";
		};
		1061F44F1A8E1719005C3DDA /* LickItTests */ = {
			isa = PBXNativeTarget;
			buildConfigurationList = 1061F45D1A8E1719005C3DDA /* Build configuration list for PBXNativeTarget "LickItTests" */;
			buildPhases = (
				1061F44C1A8E1719005C3DDA /* Sources */,
				1061F44D1A8E1719005C3DDA /* Frameworks */,
				1061F44E1A8E1719005C3DDA /* Resources */,
			);
			buildRules = (
			);
			dependencies = (
				1061F4521A8E1719005C3DDA /* PBXTargetDependency */,
			);
			name = LickItTests;
			productName = LickItTests;
			productReference = 1061F4501A8E1719005C3DDA /* LickItTests.xctest */;
			productType = "com.apple.product-type.bundle.unit-test";
		};
/* End PBXNativeTarget section */

/* Begin PBXProject section */
		1061F4331A8E1719005C3DDA /* Project object */ = {
			isa = PBXProject;
			attributes = {
				LastUpgradeCheck = 0610;
				ORGANIZATIONNAME = MBP;
				TargetAttributes = {
					1061F43A1A8E1719005C3DDA = {
						CreatedOnToolsVersion = 6.1.1;
					};
					1061F44F1A8E1719005C3DDA = {
						CreatedOnToolsVersion = 6.1.1;
						TestTargetID = 1061F43A1A8E1719005C3DDA;
					};
				};
			};
			buildConfigurationList = 1061F4361A8E1719005C3DDA /* Build configuration list for PBXProject "LickIt" */;
			compatibilityVersion = "Xcode 3.2";
			developmentRegion = English;
			hasScannedForEncodings = 0;
			knownRegions = (
				en,
				Base,
			);
			mainGroup = 1061F4321A8E1719005C3DDA;
			productRefGroup = 1061F43C1A8E1719005C3DDA /* Products */;
			projectDirPath = "";
			projectRoot = "";
			targets = (
				1061F43A1A8E1719005C3DDA /* LickIt */,
				1061F44F1A8E1719005C3DDA /* LickItTests */,
			);
		};
/* End PBXProject section */

/* Begin PBXResourcesBuildPhase section */
		1061F4391A8E1719005C3DDA /* Resources */ = {
			isa = PBXResourcesBuildPhase;
			buildActionMask = 2147483647;
			files = (
				1061F4461A8E1719005C3DDA /* Main.storyboard in Resources */,
				1061F44B1A8E1719005C3DDA /* LaunchScreen.xib in Resources */,
				1061F4481A8E1719005C3DDA /* Images.xcassets in Resources */,
			);
			runOnlyForDeploymentPostprocessing = 0;
		};
		1061F44E1A8E1719005C3DDA /* Resources */ = {
			isa = PBXResourcesBuildPhase;
			buildActionMask = 2147483647;
			files = (
			);
			runOnlyForDeploymentPostprocessing = 0;
		};
/* End PBXResourcesBuildPhase section */

/* Begin PBXShellScriptBuildPhase section */
		02956A8AB26DE84C86189B0D /* Check Pods Manifest.lock */ = {
			isa = PBXShellScriptBuildPhase;
			buildActionMask = 2147483647;
			files = (
			);
			inputPaths = (
			);
			name = "Check Pods Manifest.lock";
			outputPaths = (
			);
			runOnlyForDeploymentPostprocessing = 0;
			shellPath = /bin/sh;
			shellScript = "diff \"${PODS_ROOT}/../Podfile.lock\" \"${PODS_ROOT}/Manifest.lock\" > /dev/null\nif [[ $? != 0 ]] ; then\n    cat << EOM\nerror: The sandbox is not in sync with the Podfile.lock. Run 'pod install' or update your CocoaPods installation.\nEOM\n    exit 1\nfi\n";
			showEnvVarsInLog = 0;
		};
		1BF07BB15EB59E48D8EA69FF /* Copy Pods Resources */ = {
			isa = PBXShellScriptBuildPhase;
			buildActionMask = 2147483647;
			files = (
			);
			inputPaths = (
			);
			name = "Copy Pods Resources";
			outputPaths = (
			);
			runOnlyForDeploymentPostprocessing = 0;
			shellPath = /bin/sh;
			shellScript = "\"${SRCROOT}/Pods/Target Support Files/Pods-LickIt/Pods-LickIt-resources.sh\"\n";
			showEnvVarsInLog = 0;
		};
/* End PBXShellScriptBuildPhase section */

/* Begin PBXSourcesBuildPhase section */
		1061F4371A8E1719005C3DDA /* Sources */ = {
			isa = PBXSourcesBuildPhase;
			buildActionMask = 2147483647;
			files = (
				10D97A421B32B2B1007F4E80 /* IngredientSearchResultCell.swift in Sources */,
				10E7E1E31B0CE4BF004096E8 /* IngredientSearchController.swift in Sources */,
				10760DC41AADE4D60048895E /* AddRecipeViewController.swift in Sources */,
				1066A3AE1B298AD7004CF9B0 /* IngredientSearchResultController.swift in Sources */,
				109099261AD693CA00E706BC /* RecipeManager.swift in Sources */,
				10760DC81AADE6160048895E /* AddRecipeButtonCell.swift in Sources */,
				103C075B1AA9C6B30087EC3C /* TopWantedTopImageCell.swift in Sources */,
				10FC0F991B0D1633005F20FF /* ChooseIngredientSearchCell.swift in Sources */,
				10760DCC1AADE7620048895E /* SideMenuViewController.swift in Sources */,
				102AF8321B2F142B008C8F8C /* CoreDataManager.swift in Sources */,
				1059C1B81ABC49F4002FC2EA /* BaseViewController.swift in Sources */,
				109CED4E1A9CAE4900D027BD /* Ingredient.swift in Sources */,
				103C07611AA9CDA50087EC3C /* FirstMenuViewController.swift in Sources */,
				10DC3CC41B2A3F0D00745DC8 /* AddNewRecipeControllerViewController.swift in Sources */,
				1059C1BC1ABC504B002FC2EA /* MenuItem.swift in Sources */,
				109CED521A9CAF8000D027BD /* Comment.swift in Sources */,
				102AF82B1B2B0478008C8F8C /* FullScreenPicController.swift in Sources */,
				10FC0FA11B0D1EA0005F20FF /* ChooseColView.swift in Sources */,
				104075781B0BB4AB00A39DC8 /* ScrollView.swift in Sources */,
				109CED631A9CC2EF00D027BD /* CommentsRecipeCell.swift in Sources */,
				109CED501A9CAEC100D027BD /* RecipeCategory.swift in Sources */,
				109CED4C1A9CADDC00D027BD /* Recipe.swift in Sources */,
				10D18E8B1B305AF100F5E6FB /* RecipeModel.swift in Sources */,
				109CED571A9CB45000D027BD /* RecipeViewController.swift in Sources */,
				102AF82D1B2EF6B2008C8F8C /* ThankYouViewController.swift in Sources */,
				108FEEB21ACB3AC500307982 /* BaseCollectionViewController.swift in Sources */,
				107EBA8E1AA3B027000E4D97 /* SearchingInputCell.swift in Sources */,
				10760DCA1AADE7450048895E /* SideMenuCell.swift in Sources */,
				10D18E891B305AF100F5E6FB /* IngredientModel.swift in Sources */,
				109CED5B1A9CBFEE00D027BD /* ImageRecipeCell.swift in Sources */,
				1059C1BA1ABC4C6B002FC2EA /* BaseTableViewController.swift in Sources */,
				109CED611A9CC27C00D027BD /* HowToDoItCell.swift in Sources */,
				10A6CC261ACB3E4100DB4952 /* BookmarkedRecipesCell.swift in Sources */,
				1054DCCB1B3030CF00AA954E /* LogInViewController.swift in Sources */,
				102AF8301B2F1240008C8F8C /* RecipeModel.xcdatamodeld in Sources */,
				108FEEB01ACB37DD00307982 /* BookmarkedRecipesCollectionViewController.swift in Sources */,
				106473DE1AE033860085DDA6 /* CategoriesRecipeCell.swift in Sources */,
				107EBA8C1AA3A589000E4D97 /* SearchingResultCell.swift in Sources */,
				103C07631AA9D1200087EC3C /* WeRecommandCell.swift in Sources */,
				10FC0F9F1B0D1E8D005F20FF /* SelectedColView.swift in Sources */,
				1061F4411A8E1719005C3DDA /* AppDelegate.swift in Sources */,
				103C07591AA9C65E0087EC3C /* TopWantedViewController.swift in Sources */,
				105458971AFCE6F700C2DDEA /* IngredientsRecipeCell.swift in Sources */,
				10FC0FA31B0D20C8005F20FF /* SelectedIngredientSearchCell.swift in Sources */,
				105458991AFCE86400C2DDEA /* OneIngredientCollectionViewCell.swift in Sources */,
				107EBA8A1AA3A2A8000E4D97 /* SearchingTableViewController.swift in Sources */,
				109CED541A9CB11900D027BD /* User.swift in Sources */,
				109CED5D1A9CC04A00D027BD /* InfoRecipeCell.swift in Sources */,
				103C075D1AA9C7210087EC3C /* TopWantedRecipeCell.swift in Sources */,
				10760DC61AADE5B60048895E /* AddRecipeTextCell.swift in Sources */,
			);
			runOnlyForDeploymentPostprocessing = 0;
		};
		1061F44C1A8E1719005C3DDA /* Sources */ = {
			isa = PBXSourcesBuildPhase;
			buildActionMask = 2147483647;
			files = (
				1061F4571A8E1719005C3DDA /* LickItTests.swift in Sources */,
			);
			runOnlyForDeploymentPostprocessing = 0;
		};
/* End PBXSourcesBuildPhase section */

/* Begin PBXTargetDependency section */
		1061F4521A8E1719005C3DDA /* PBXTargetDependency */ = {
			isa = PBXTargetDependency;
			target = 1061F43A1A8E1719005C3DDA /* LickIt */;
			targetProxy = 1061F4511A8E1719005C3DDA /* PBXContainerItemProxy */;
		};
/* End PBXTargetDependency section */

/* Begin PBXVariantGroup section */
		1061F4441A8E1719005C3DDA /* Main.storyboard */ = {
			isa = PBXVariantGroup;
			children = (
				1061F4451A8E1719005C3DDA /* Base */,
			);
			name = Main.storyboard;
			sourceTree = "<group>";
		};
		1061F4491A8E1719005C3DDA /* LaunchScreen.xib */ = {
			isa = PBXVariantGroup;
			children = (
				1061F44A1A8E1719005C3DDA /* Base */,
			);
			name = LaunchScreen.xib;
			sourceTree = "<group>";
		};
/* End PBXVariantGroup section */

/* Begin XCBuildConfiguration section */
		1061F4581A8E1719005C3DDA /* Debug */ = {
			isa = XCBuildConfiguration;
			buildSettings = {
				ALWAYS_SEARCH_USER_PATHS = NO;
				CLANG_CXX_LANGUAGE_STANDARD = "gnu++0x";
				CLANG_CXX_LIBRARY = "libc++";
				CLANG_ENABLE_MODULES = YES;
				CLANG_ENABLE_OBJC_ARC = YES;
				CLANG_WARN_BOOL_CONVERSION = YES;
				CLANG_WARN_CONSTANT_CONVERSION = YES;
				CLANG_WARN_DIRECT_OBJC_ISA_USAGE = YES_ERROR;
				CLANG_WARN_EMPTY_BODY = YES;
				CLANG_WARN_ENUM_CONVERSION = YES;
				CLANG_WARN_INT_CONVERSION = YES;
				CLANG_WARN_OBJC_ROOT_CLASS = YES_ERROR;
				CLANG_WARN_UNREACHABLE_CODE = YES;
				CLANG_WARN__DUPLICATE_METHOD_MATCH = YES;
				"CODE_SIGN_IDENTITY[sdk=iphoneos*]" = "iPhone Developer";
				COPY_PHASE_STRIP = NO;
				ENABLE_STRICT_OBJC_MSGSEND = YES;
				GCC_C_LANGUAGE_STANDARD = gnu99;
				GCC_DYNAMIC_NO_PIC = NO;
				GCC_OPTIMIZATION_LEVEL = 0;
				GCC_PREPROCESSOR_DEFINITIONS = (
					"DEBUG=1",
					"$(inherited)",
				);
				GCC_SYMBOLS_PRIVATE_EXTERN = NO;
				GCC_WARN_64_TO_32_BIT_CONVERSION = YES;
				GCC_WARN_ABOUT_RETURN_TYPE = YES_ERROR;
				GCC_WARN_UNDECLARED_SELECTOR = YES;
				GCC_WARN_UNINITIALIZED_AUTOS = YES_AGGRESSIVE;
				GCC_WARN_UNUSED_FUNCTION = YES;
				GCC_WARN_UNUSED_VARIABLE = YES;
				IPHONEOS_DEPLOYMENT_TARGET = 8.1;
				MTL_ENABLE_DEBUG_INFO = YES;
				ONLY_ACTIVE_ARCH = YES;
				SDKROOT = iphoneos;
				SWIFT_OPTIMIZATION_LEVEL = "-Onone";
				TARGETED_DEVICE_FAMILY = "1,2";
			};
			name = Debug;
		};
		1061F4591A8E1719005C3DDA /* Release */ = {
			isa = XCBuildConfiguration;
			buildSettings = {
				ALWAYS_SEARCH_USER_PATHS = NO;
				CLANG_CXX_LANGUAGE_STANDARD = "gnu++0x";
				CLANG_CXX_LIBRARY = "libc++";
				CLANG_ENABLE_MODULES = YES;
				CLANG_ENABLE_OBJC_ARC = YES;
				CLANG_WARN_BOOL_CONVERSION = YES;
				CLANG_WARN_CONSTANT_CONVERSION = YES;
				CLANG_WARN_DIRECT_OBJC_ISA_USAGE = YES_ERROR;
				CLANG_WARN_EMPTY_BODY = YES;
				CLANG_WARN_ENUM_CONVERSION = YES;
				CLANG_WARN_INT_CONVERSION = YES;
				CLANG_WARN_OBJC_ROOT_CLASS = YES_ERROR;
				CLANG_WARN_UNREACHABLE_CODE = YES;
				CLANG_WARN__DUPLICATE_METHOD_MATCH = YES;
				"CODE_SIGN_IDENTITY[sdk=iphoneos*]" = "iPhone Developer";
				COPY_PHASE_STRIP = YES;
				ENABLE_NS_ASSERTIONS = NO;
				ENABLE_STRICT_OBJC_MSGSEND = YES;
				GCC_C_LANGUAGE_STANDARD = gnu99;
				GCC_WARN_64_TO_32_BIT_CONVERSION = YES;
				GCC_WARN_ABOUT_RETURN_TYPE = YES_ERROR;
				GCC_WARN_UNDECLARED_SELECTOR = YES;
				GCC_WARN_UNINITIALIZED_AUTOS = YES_AGGRESSIVE;
				GCC_WARN_UNUSED_FUNCTION = YES;
				GCC_WARN_UNUSED_VARIABLE = YES;
				IPHONEOS_DEPLOYMENT_TARGET = 8.1;
				MTL_ENABLE_DEBUG_INFO = NO;
				SDKROOT = iphoneos;
				TARGETED_DEVICE_FAMILY = "1,2";
				VALIDATE_PRODUCT = YES;
			};
			name = Release;
		};
		1061F45B1A8E1719005C3DDA /* Debug */ = {
			isa = XCBuildConfiguration;
			baseConfigurationReference = 31F0032A78026B5F7FA4C261 /* Pods-LickIt.debug.xcconfig */;
			buildSettings = {
				ASSETCATALOG_COMPILER_APPICON_NAME = AppIcon;
				CLANG_ENABLE_MODULES = YES;
				INFOPLIST_FILE = LickIt/Info.plist;
				LD_RUNPATH_SEARCH_PATHS = "$(inherited) @executable_path/Frameworks";
				PRODUCT_NAME = "$(TARGET_NAME)";
				SWIFT_OBJC_BRIDGING_HEADER = "LickIt/LickIt-Bridging-Header.h";
				SWIFT_OPTIMIZATION_LEVEL = "-Onone";
				TARGETED_DEVICE_FAMILY = "1,2";
			};
			name = Debug;
		};
		1061F45C1A8E1719005C3DDA /* Release */ = {
			isa = XCBuildConfiguration;
			baseConfigurationReference = 800E3CEB99D893071BF83362 /* Pods-LickIt.release.xcconfig */;
			buildSettings = {
				ASSETCATALOG_COMPILER_APPICON_NAME = AppIcon;
				CLANG_ENABLE_MODULES = YES;
				INFOPLIST_FILE = LickIt/Info.plist;
				LD_RUNPATH_SEARCH_PATHS = "$(inherited) @executable_path/Frameworks";
				PRODUCT_NAME = "$(TARGET_NAME)";
				SWIFT_OBJC_BRIDGING_HEADER = "LickIt/LickIt-Bridging-Header.h";
				TARGETED_DEVICE_FAMILY = "1,2";
			};
			name = Release;
		};
		1061F45E1A8E1719005C3DDA /* Debug */ = {
			isa = XCBuildConfiguration;
			buildSettings = {
				BUNDLE_LOADER = "$(TEST_HOST)";
				FRAMEWORK_SEARCH_PATHS = (
					"$(SDKROOT)/Developer/Library/Frameworks",
					"$(inherited)",
				);
				GCC_PREPROCESSOR_DEFINITIONS = (
					"DEBUG=1",
					"$(inherited)",
				);
				INFOPLIST_FILE = LickItTests/Info.plist;
				LD_RUNPATH_SEARCH_PATHS = "$(inherited) @executable_path/Frameworks @loader_path/Frameworks";
				PRODUCT_NAME = "$(TARGET_NAME)";
				TEST_HOST = "$(BUILT_PRODUCTS_DIR)/LickIt.app/LickIt";
			};
			name = Debug;
		};
		1061F45F1A8E1719005C3DDA /* Release */ = {
			isa = XCBuildConfiguration;
			buildSettings = {
				BUNDLE_LOADER = "$(TEST_HOST)";
				FRAMEWORK_SEARCH_PATHS = (
					"$(SDKROOT)/Developer/Library/Frameworks",
					"$(inherited)",
				);
				INFOPLIST_FILE = LickItTests/Info.plist;
				LD_RUNPATH_SEARCH_PATHS = "$(inherited) @executable_path/Frameworks @loader_path/Frameworks";
				PRODUCT_NAME = "$(TARGET_NAME)";
				TEST_HOST = "$(BUILT_PRODUCTS_DIR)/LickIt.app/LickIt";
			};
			name = Release;
		};
/* End XCBuildConfiguration section */

/* Begin XCConfigurationList section */
		1061F4361A8E1719005C3DDA /* Build configuration list for PBXProject "LickIt" */ = {
			isa = XCConfigurationList;
			buildConfigurations = (
				1061F4581A8E1719005C3DDA /* Debug */,
				1061F4591A8E1719005C3DDA /* Release */,
			);
			defaultConfigurationIsVisible = 0;
			defaultConfigurationName = Release;
		};
		1061F45A1A8E1719005C3DDA /* Build configuration list for PBXNativeTarget "LickIt" */ = {
			isa = XCConfigurationList;
			buildConfigurations = (
				1061F45B1A8E1719005C3DDA /* Debug */,
				1061F45C1A8E1719005C3DDA /* Release */,
			);
			defaultConfigurationIsVisible = 0;
			defaultConfigurationName = Release;
		};
		1061F45D1A8E1719005C3DDA /* Build configuration list for PBXNativeTarget "LickItTests" */ = {
			isa = XCConfigurationList;
			buildConfigurations = (
				1061F45E1A8E1719005C3DDA /* Debug */,
				1061F45F1A8E1719005C3DDA /* Release */,
			);
			defaultConfigurationIsVisible = 0;
			defaultConfigurationName = Release;
		};
/* End XCConfigurationList section */

/* Begin XCVersionGroup section */
		102AF82E1B2F1240008C8F8C /* RecipeModel.xcdatamodeld */ = {
			isa = XCVersionGroup;
			children = (
				102AF82F1B2F1240008C8F8C /* RecipeModel.xcdatamodel */,
			);
			currentVersion = 102AF82F1B2F1240008C8F8C /* RecipeModel.xcdatamodel */;
			path = RecipeModel.xcdatamodeld;
			sourceTree = "<group>";
			versionGroupType = wrapper.xcdatamodel;
		};
/* End XCVersionGroup section */
	};
	rootObject = 1061F4331A8E1719005C3DDA /* Project object */;
}
